
Microsoft Visual Studio Solution File, Format Version 12.00
# Visual Studio 14
VisualStudioVersion = 14.0.25420.1
MinimumVisualStudioVersion = 10.0.40219.1
Project("{8BC9CEB8-8B4A-11D0-8D11-00A0C91BC942}") = "Tomorrow", "Tomorrow\Tomorrow.vcxproj", "{D2AE7889-5100-4F84-BF95-BDB0F91D7EA2}"
EndProject
Project("{8BC9CEB8-8B4A-11D0-8D11-00A0C91BC942}") = "AudioEngine", "AudioEngine\AudioEngine.vcxproj", "{EA9A7C3A-8DA9-4252-905E-600339E19A4F}"
EndProject
Project("{8BC9CEB8-8B4A-11D0-8D11-00A0C91BC942}") = "AudioEngineLoader", "AudioEngineLoader\AudioEngineLoader.vcxproj", "{51FC59DF-A773-490D-96FD-B8342D120EBF}"
EndProject
Project("{8BC9CEB8-8B4A-11D0-8D11-00A0C91BC942}") = "ErrorMessage", "ErrorMessage\ErrorMessage.vcxproj", "{3E97991E-0B47-4E49-A436-365E8EC1B182}"
EndProject
Project("{8BC9CEB8-8B4A-11D0-8D11-00A0C91BC942}") = "InputSystem", "InputSystem\InputSystem.vcxproj", "{740CA9A8-3DB2-45DD-898F-80FAA31D115C}"
EndProject
Project("{8BC9CEB8-8B4A-11D0-8D11-00A0C91BC942}") = "Log", "Log\Log.vcxproj", "{387321EE-4D28-4CD9-A9F9-C577B476B785}"
EndProject
Project("{8BC9CEB8-8B4A-11D0-8D11-00A0C91BC942}") = "MovementController", "MovementController\MovementController.vcxproj", "{E04F842F-211C-4504-BA8D-41C77DAA3F76}"
EndProject
Project("{8BC9CEB8-8B4A-11D0-8D11-00A0C91BC942}") = "Ms3dLoader", "Ms3dLoader\Ms3dLoader.vcxproj", "{8BD8AEFB-B366-4F43-86FB-33B7DAA00368}"
EndProject
Project("{8BC9CEB8-8B4A-11D0-8D11-00A0C91BC942}") = "ObjLoader", "ObjLoader\ObjLoader.vcxproj", "{1844B1CF-6A7E-46D7-9FAC-29675C91537C}"
EndProject
Project("{8BC9CEB8-8B4A-11D0-8D11-00A0C91BC942}") = "ParticleSystem", "ParticleSystem\ParticleSystem.vcxproj", "{A97AA313-215B-4FFF-A957-BDF9DAAD87AB}"
EndProject
Project("{8BC9CEB8-8B4A-11D0-8D11-00A0C91BC942}") = "Renderer", "Renderer\Renderer.vcxproj", "{DD072499-18D3-430C-A72C-76AEEF5AF82C}"
EndProject
Project("{8BC9CEB8-8B4A-11D0-8D11-00A0C91BC942}") = "TerrainEngine", "TerrainEngine\TerrainEngine.vcxproj", "{18515019-9681-4709-9EEE-4A191F0D200C}"
EndProject
Project("{8BC9CEB8-8B4A-11D0-8D11-00A0C91BC942}") = "TerrainEngineLoader", "TerrainEngineLoader\TerrainEngineLoader.vcxproj", "{7D58BAB4-1CC2-4CB8-A1FB-136F307E03BE}"
EndProject
Project("{8BC9CEB8-8B4A-11D0-8D11-00A0C91BC942}") = "RendererLoader", "RendererLoader\RendererLoader.vcxproj", "{D74B5B0D-FF62-42D3-9AB0-33C847A534CA}"
EndProject
Project("{8BC9CEB8-8B4A-11D0-8D11-00A0C91BC942}") = "Window", "Window\Window.vcxproj", "{FA553D6F-A2C7-498F-9B18-46947BAE111E}"
EndProject
Global
	GlobalSection(SolutionConfigurationPlatforms) = preSolution
		Debug|x64 = Debug|x64
		Debug|x86 = Debug|x86
		Release|x64 = Release|x64
		Release|x86 = Release|x86
	EndGlobalSection
	GlobalSection(ProjectConfigurationPlatforms) = postSolution
		{D2AE7889-5100-4F84-BF95-BDB0F91D7EA2}.Debug|x64.ActiveCfg = Debug|x64
		{D2AE7889-5100-4F84-BF95-BDB0F91D7EA2}.Debug|x64.Build.0 = Debug|x64
		{D2AE7889-5100-4F84-BF95-BDB0F91D7EA2}.Debug|x86.ActiveCfg = Debug|Win32
		{D2AE7889-5100-4F84-BF95-BDB0F91D7EA2}.Debug|x86.Build.0 = Debug|Win32
		{D2AE7889-5100-4F84-BF95-BDB0F91D7EA2}.Release|x64.ActiveCfg = Release|x64
		{D2AE7889-5100-4F84-BF95-BDB0F91D7EA2}.Release|x64.Build.0 = Release|x64
		{D2AE7889-5100-4F84-BF95-BDB0F91D7EA2}.Release|x86.ActiveCfg = Release|Win32
		{D2AE7889-5100-4F84-BF95-BDB0F91D7EA2}.Release|x86.Build.0 = Release|Win32
		{EA9A7C3A-8DA9-4252-905E-600339E19A4F}.Debug|x64.ActiveCfg = Debug|x64
		{EA9A7C3A-8DA9-4252-905E-600339E19A4F}.Debug|x64.Build.0 = Debug|x64
		{EA9A7C3A-8DA9-4252-905E-600339E19A4F}.Debug|x86.ActiveCfg = Debug|Win32
		{EA9A7C3A-8DA9-4252-905E-600339E19A4F}.Debug|x86.Build.0 = Debug|Win32
		{EA9A7C3A-8DA9-4252-905E-600339E19A4F}.Release|x64.ActiveCfg = Release|x64
		{EA9A7C3A-8DA9-4252-905E-600339E19A4F}.Release|x64.Build.0 = Release|x64
		{EA9A7C3A-8DA9-4252-905E-600339E19A4F}.Release|x86.ActiveCfg = Release|Win32
		{EA9A7C3A-8DA9-4252-905E-600339E19A4F}.Release|x86.Build.0 = Release|Win32
		{51FC59DF-A773-490D-96FD-B8342D120EBF}.Debug|x64.ActiveCfg = Debug|x64
		{51FC59DF-A773-490D-96FD-B8342D120EBF}.Debug|x64.Build.0 = Debug|x64
		{51FC59DF-A773-490D-96FD-B8342D120EBF}.Debug|x86.ActiveCfg = Debug|Win32
		{51FC59DF-A773-490D-96FD-B8342D120EBF}.Debug|x86.Build.0 = Debug|Win32
		{51FC59DF-A773-490D-96FD-B8342D120EBF}.Release|x64.ActiveCfg = Release|x64
		{51FC59DF-A773-490D-96FD-B8342D120EBF}.Release|x64.Build.0 = Release|x64
		{51FC59DF-A773-490D-96FD-B8342D120EBF}.Release|x86.ActiveCfg = Release|Win32
		{51FC59DF-A773-490D-96FD-B8342D120EBF}.Release|x86.Build.0 = Release|Win32
		{3E97991E-0B47-4E49-A436-365E8EC1B182}.Debug|x64.ActiveCfg = Debug|x64
		{3E97991E-0B47-4E49-A436-365E8EC1B182}.Debug|x64.Build.0 = Debug|x64
		{3E97991E-0B47-4E49-A436-365E8EC1B182}.Debug|x86.ActiveCfg = Debug|Win32
		{3E97991E-0B47-4E49-A436-365E8EC1B182}.Debug|x86.Build.0 = Debug|Win32
		{3E97991E-0B47-4E49-A436-365E8EC1B182}.Release|x64.ActiveCfg = Release|x64
		{3E97991E-0B47-4E49-A436-365E8EC1B182}.Release|x64.Build.0 = Release|x64
		{3E97991E-0B47-4E49-A436-365E8EC1B182}.Release|x86.ActiveCfg = Release|Win32
		{3E97991E-0B47-4E49-A436-365E8EC1B182}.Release|x86.Build.0 = Release|Win32
		{740CA9A8-3DB2-45DD-898F-80FAA31D115C}.Debug|x64.ActiveCfg = Debug|x64
		{740CA9A8-3DB2-45DD-898F-80FAA31D115C}.Debug|x64.Build.0 = Debug|x64
		{740CA9A8-3DB2-45DD-898F-80FAA31D115C}.Debug|x86.ActiveCfg = Debug|Win32
		{740CA9A8-3DB2-45DD-898F-80FAA31D115C}.Debug|x86.Build.0 = Debug|Win32
		{740CA9A8-3DB2-45DD-898F-80FAA31D115C}.Release|x64.ActiveCfg = Release|x64
		{740CA9A8-3DB2-45DD-898F-80FAA31D115C}.Release|x64.Build.0 = Release|x64
		{740CA9A8-3DB2-45DD-898F-80FAA31D115C}.Release|x86.ActiveCfg = Release|Win32
		{740CA9A8-3DB2-45DD-898F-80FAA31D115C}.Release|x86.Build.0 = Release|Win32
		{387321EE-4D28-4CD9-A9F9-C577B476B785}.Debug|x64.ActiveCfg = Debug|x64
		{387321EE-4D28-4CD9-A9F9-C577B476B785}.Debug|x64.Build.0 = Debug|x64
		{387321EE-4D28-4CD9-A9F9-C577B476B785}.Debug|x86.ActiveCfg = Debug|Win32
		{387321EE-4D28-4CD9-A9F9-C577B476B785}.Debug|x86.Build.0 = Debug|Win32
		{387321EE-4D28-4CD9-A9F9-C577B476B785}.Release|x64.ActiveCfg = Release|x64
		{387321EE-4D28-4CD9-A9F9-C577B476B785}.Release|x64.Build.0 = Release|x64
		{387321EE-4D28-4CD9-A9F9-C577B476B785}.Release|x86.ActiveCfg = Release|Win32
		{387321EE-4D28-4CD9-A9F9-C577B476B785}.Release|x86.Build.0 = Release|Win32
		{E04F842F-211C-4504-BA8D-41C77DAA3F76}.Debug|x64.ActiveCfg = Debug|x64
		{E04F842F-211C-4504-BA8D-41C77DAA3F76}.Debug|x64.Build.0 = Debug|x64
		{E04F842F-211C-4504-BA8D-41C77DAA3F76}.Debug|x86.ActiveCfg = Debug|Win32
		{E04F842F-211C-4504-BA8D-41C77DAA3F76}.Debug|x86.Build.0 = Debug|Win32
		{E04F842F-211C-4504-BA8D-41C77DAA3F76}.Release|x64.ActiveCfg = Release|x64
		{E04F842F-211C-4504-BA8D-41C77DAA3F76}.Release|x64.Build.0 = Release|x64
		{E04F842F-211C-4504-BA8D-41C77DAA3F76}.Release|x86.ActiveCfg = Release|Win32
		{E04F842F-211C-4504-BA8D-41C77DAA3F76}.Release|x86.Build.0 = Release|Win32
		{8BD8AEFB-B366-4F43-86FB-33B7DAA00368}.Debug|x64.ActiveCfg = Debug|x64
		{8BD8AEFB-B366-4F43-86FB-33B7DAA00368}.Debug|x64.Build.0 = Debug|x64
		{8BD8AEFB-B366-4F43-86FB-33B7DAA00368}.Debug|x86.ActiveCfg = Debug|Win32
		{8BD8AEFB-B366-4F43-86FB-33B7DAA00368}.Debug|x86.Build.0 = Debug|Win32
		{8BD8AEFB-B366-4F43-86FB-33B7DAA00368}.Release|x64.ActiveCfg = Release|x64
		{8BD8AEFB-B366-4F43-86FB-33B7DAA00368}.Release|x64.Build.0 = Release|x64
		{8BD8AEFB-B366-4F43-86FB-33B7DAA00368}.Release|x86.ActiveCfg = Release|Win32
		{8BD8AEFB-B366-4F43-86FB-33B7DAA00368}.Release|x86.Build.0 = Release|Win32
		{1844B1CF-6A7E-46D7-9FAC-29675C91537C}.Debug|x64.ActiveCfg = Debug|x64
		{1844B1CF-6A7E-46D7-9FAC-29675C91537C}.Debug|x64.Build.0 = Debug|x64
		{1844B1CF-6A7E-46D7-9FAC-29675C91537C}.Debug|x86.ActiveCfg = Debug|Win32
		{1844B1CF-6A7E-46D7-9FAC-29675C91537C}.Debug|x86.Build.0 = Debug|Win32
		{1844B1CF-6A7E-46D7-9FAC-29675C91537C}.Release|x64.ActiveCfg = Release|x64
		{1844B1CF-6A7E-46D7-9FAC-29675C91537C}.Release|x64.Build.0 = Release|x64
		{1844B1CF-6A7E-46D7-9FAC-29675C91537C}.Release|x86.ActiveCfg = Release|Win32
		{1844B1CF-6A7E-46D7-9FAC-29675C91537C}.Release|x86.Build.0 = Release|Win32
		{A97AA313-215B-4FFF-A957-BDF9DAAD87AB}.Debug|x64.ActiveCfg = Debug|x64
		{A97AA313-215B-4FFF-A957-BDF9DAAD87AB}.Debug|x64.Build.0 = Debug|x64
		{A97AA313-215B-4FFF-A957-BDF9DAAD87AB}.Debug|x86.ActiveCfg = Debug|Win32
		{A97AA313-215B-4FFF-A957-BDF9DAAD87AB}.Debug|x86.Build.0 = Debug|Win32
		{A97AA313-215B-4FFF-A957-BDF9DAAD87AB}.Release|x64.ActiveCfg = Release|x64
		{A97AA313-215B-4FFF-A957-BDF9DAAD87AB}.Release|x64.Build.0 = Release|x64
		{A97AA313-215B-4FFF-A957-BDF9DAAD87AB}.Release|x86.ActiveCfg = Release|Win32
		{A97AA313-215B-4FFF-A957-BDF9DAAD87AB}.Release|x86.Build.0 = Release|Win32
		{DD072499-18D3-430C-A72C-76AEEF5AF82C}.Debug|x64.ActiveCfg = Debug|x64
		{DD072499-18D3-430C-A72C-76AEEF5AF82C}.Debug|x64.Build.0 = Debug|x64
		{DD072499-18D3-430C-A72C-76AEEF5AF82C}.Debug|x86.ActiveCfg = Debug|Win32
		{DD072499-18D3-430C-A72C-76AEEF5AF82C}.Debug|x86.Build.0 = Debug|Win32
		{DD072499-18D3-430C-A72C-76AEEF5AF82C}.Release|x64.ActiveCfg = Release|x64
		{DD072499-18D3-430C-A72C-76AEEF5AF82C}.Release|x64.Build.0 = Release|x64
		{DD072499-18D3-430C-A72C-76AEEF5AF82C}.Release|x86.ActiveCfg = Release|Win32
		{DD072499-18D3-430C-A72C-76AEEF5AF82C}.Release|x86.Build.0 = Release|Win32
		{18515019-9681-4709-9EEE-4A191F0D200C}.Debug|x64.ActiveCfg = Debug|x64
		{18515019-9681-4709-9EEE-4A191F0D200C}.Debug|x64.Build.0 = Debug|x64
		{18515019-9681-4709-9EEE-4A191F0D200C}.Debug|x86.ActiveCfg = Debug|Win32
		{18515019-9681-4709-9EEE-4A191F0D200C}.Debug|x86.Build.0 = Debug|Win32
		{18515019-9681-4709-9EEE-4A191F0D200C}.Release|x64.ActiveCfg = Release|x64
		{18515019-9681-4709-9EEE-4A191F0D200C}.Release|x64.Build.0 = Release|x64
		{18515019-9681-4709-9EEE-4A191F0D200C}.Release|x86.ActiveCfg = Release|Win32
		{18515019-9681-4709-9EEE-4A191F0D200C}.Release|x86.Build.0 = Release|Win32
		{7D58BAB4-1CC2-4CB8-A1FB-136F307E03BE}.Debug|x64.ActiveCfg = Debug|x64
		{7D58BAB4-1CC2-4CB8-A1FB-136F307E03BE}.Debug|x64.Build.0 = Debug|x64
		{7D58BAB4-1CC2-4CB8-A1FB-136F307E03BE}.Debug|x86.ActiveCfg = Debug|Win32
		{7D58BAB4-1CC2-4CB8-A1FB-136F307E03BE}.Debug|x86.Build.0 = Debug|Win32
		{7D58BAB4-1CC2-4CB8-A1FB-136F307E03BE}.Release|x64.ActiveCfg = Release|x64
		{7D58BAB4-1CC2-4CB8-A1FB-136F307E03BE}.Release|x64.Build.0 = Release|x64
		{7D58BAB4-1CC2-4CB8-A1FB-136F307E03BE}.Release|x86.ActiveCfg = Release|Win32
		{7D58BAB4-1CC2-4CB8-A1FB-136F307E03BE}.Release|x86.Build.0 = Release|Win32
		{D74B5B0D-FF62-42D3-9AB0-33C847A534CA}.Debug|x64.ActiveCfg = Debug|x64
		{D74B5B0D-FF62-42D3-9AB0-33C847A534CA}.Debug|x64.Build.0 = Debug|x64
		{D74B5B0D-FF62-42D3-9AB0-33C847A534CA}.Debug|x86.ActiveCfg = Debug|Win32
		{D74B5B0D-FF62-42D3-9AB0-33C847A534CA}.Debug|x86.Build.0 = Debug|Win32
		{D74B5B0D-FF62-42D3-9AB0-33C847A534CA}.Release|x64.ActiveCfg = Release|x64
		{D74B5B0D-FF62-42D3-9AB0-33C847A534CA}.Release|x64.Build.0 = Release|x64
		{D74B5B0D-FF62-42D3-9AB0-33C847A534CA}.Release|x86.ActiveCfg = Release|Win32
		{D74B5B0D-FF62-42D3-9AB0-33C847A534CA}.Release|x86.Build.0 = Release|Win32
		{FA553D6F-A2C7-498F-9B18-46947BAE111E}.Debug|x64.ActiveCfg = Debug|x64
		{FA553D6F-A2C7-498F-9B18-46947BAE111E}.Debug|x64.Build.0 = Debug|x64
		{FA553D6F-A2C7-498F-9B18-46947BAE111E}.Debug|x86.ActiveCfg = Debug|Win32
		{FA553D6F-A2C7-498F-9B18-46947BAE111E}.Debug|x86.Build.0 = Debug|Win32
		{FA553D6F-A2C7-498F-9B18-46947BAE111E}.Release|x64.ActiveCfg = Release|x64
		{FA553D6F-A2C7-498F-9B18-46947BAE111E}.Release|x64.Build.0 = Release|x64
		{FA553D6F-A2C7-498F-9B18-46947BAE111E}.Release|x86.ActiveCfg = Release|Win32
		{FA553D6F-A2C7-498F-9B18-46947BAE111E}.Release|x86.Build.0 = Release|Win32
	EndGlobalSection
	GlobalSection(SolutionProperties) = preSolution
		HideSolutionNode = FALSE
	EndGlobalSection
EndGlobal
